
Microsoft Visual Studio Solution File, Format Version 12.00
# Visual Studio Version 17
VisualStudioVersion = 17.3.32929.385
MinimumVisualStudioVersion = 10.0.40219.1
Project("{FAE04EC0-301F-11D3-BF4B-00C04F79EFBC}") = "iFoodDbMap.EFCore", "iFoodDbMap.EFCore.csproj", "{EC1C4241-CF14-4090-8AE5-F38ACF751AB7}"
EndProject
Global
	GlobalSection(SolutionConfigurationPlatforms) = preSolution
		Debug|Any CPU = Debug|Any CPU
		Release|Any CPU = Release|Any CPU
	EndGlobalSection
	GlobalSection(ProjectConfigurationPlatforms) = postSolution
		{EC1C4241-CF14-4090-8AE5-F38ACF751AB7}.Debug|Any CPU.ActiveCfg = Debug|Any CPU
		{EC1C4241-CF14-4090-8AE5-F38ACF751AB7}.Debug|Any CPU.Build.0 = Debug|Any CPU
		{EC1C4241-CF14-4090-8AE5-F38ACF751AB7}.Release|Any CPU.ActiveCfg = Release|Any CPU
		{EC1C4241-CF14-4090-8AE5-F38ACF751AB7}.Release|Any CPU.Build.0 = Release|Any CPU
	EndGlobalSection
	GlobalSection(SolutionProperties) = preSolution
		HideSolutionNode = FALSE
	EndGlobalSection
	GlobalSection(ExtensibilityGlobals) = postSolution
		SolutionGuid = {3AAF5576-DDB4-40BA-AD99-FC14F39B4432}
	EndGlobalSection
EndGlobal
